// !$*UTF8*$!
{
	archiveVersion = 1;
	classes = {
	};
	objectVersion = 46;
	objects = {

/* Begin PBXBuildFile section */
		7DBD33E31AA4077C000F3423 /* main.m in Sources */ = {isa = PBXBuildFile; fileRef = 7DBD33E21AA4077C000F3423 /* main.m */; };
		7DBD33E61AA4077C000F3423 /* AppDelegate.m in Sources */ = {isa = PBXBuildFile; fileRef = 7DBD33E51AA4077C000F3423 /* AppDelegate.m */; };
		7DBD33E91AA4077C000F3423 /* ViewController.m in Sources */ = {isa = PBXBuildFile; fileRef = 7DBD33E81AA4077C000F3423 /* ViewController.m */; };
		7DBD33EC1AA4077C000F3423 /* Main.storyboard in Resources */ = {isa = PBXBuildFile; fileRef = 7DBD33EA1AA4077C000F3423 /* Main.storyboard */; };
		7DBD33EE1AA4077C000F3423 /* Images.xcassets in Resources */ = {isa = PBXBuildFile; fileRef = 7DBD33ED1AA4077C000F3423 /* Images.xcassets */; };
		7DBD33F11AA4077C000F3423 /* LaunchScreen.xib in Resources */ = {isa = PBXBuildFile; fileRef = 7DBD33EF1AA4077C000F3423 /* LaunchScreen.xib */; };
		7DBD33FD1AA4077C000F3423 /* ____Tests.m in Sources */ = {isa = PBXBuildFile; fileRef = 7DBD33FC1AA4077C000F3423 /* ____Tests.m */; };
		7DBD340A1AA40929000F3423 /* JHCar.m in Sources */ = {isa = PBXBuildFile; fileRef = 7DBD34091AA40929000F3423 /* JHCar.m */; };
		7DBD340D1AA40A53000F3423 /* JHGroup.m in Sources */ = {isa = PBXBuildFile; fileRef = 7DBD340C1AA40A53000F3423 /* JHGroup.m */; };
		7DBD340F1AA40EB8000F3423 /* cars_total.plist in Resources */ = {isa = PBXBuildFile; fileRef = 7DBD340E1AA40EB8000F3423 /* cars_total.plist */; };
/* End PBXBuildFile section */

/* Begin PBXContainerItemProxy section */
		7DBD33F71AA4077C000F3423 /* PBXContainerItemProxy */ = {
			isa = PBXContainerItemProxy;
			containerPortal = 7DBD33D51AA4077C000F3423 /* Project object */;
			proxyType = 1;
			remoteGlobalIDString = 7DBD33DC1AA4077C000F3423;
			remoteInfo = "汽车展示";
		};
/* End PBXContainerItemProxy section */

/* Begin PBXFileReference section */
		7DBD33DD1AA4077C000F3423 /* 汽车展示.app */ = {isa = PBXFileReference; explicitFileType = wrapper.application; includeInIndex = 0; path = "汽车展示.app"; sourceTree = BUILT_PRODUCTS_DIR; };
		7DBD33E11AA4077C000F3423 /* Info.plist */ = {isa = PBXFileReference; lastKnownFileType = text.plist.xml; path = Info.plist; sourceTree = "<group>"; };
		7DBD33E21AA4077C000F3423 /* main.m */ = {isa = PBXFileReference; lastKnownFileType = sourcecode.c.objc; path = main.m; sourceTree = "<group>"; };
		7DBD33E41AA4077C000F3423 /* AppDelegate.h */ = {isa = PBXFileReference; lastKnownFileType = sourcecode.c.h; path = AppDelegate.h; sourceTree = "<group>"; };
		7DBD33E51AA4077C000F3423 /* AppDelegate.m */ = {isa = PBXFileReference; lastKnownFileType = sourcecode.c.objc; path = AppDelegate.m; sourceTree = "<group>"; };
		7DBD33E71AA4077C000F3423 /* ViewController.h */ = {isa = PBXFileReference; lastKnownFileType = sourcecode.c.h; path = ViewController.h; sourceTree = "<group>"; };
		7DBD33E81AA4077C000F3423 /* ViewController.m */ = {isa = PBXFileReference; lastKnownFileType = sourcecode.c.objc; path = ViewController.m; sourceTree = "<group>"; };
		7DBD33EB1AA4077C000F3423 /* Base */ = {isa = PBXFileReference; lastKnownFileType = file.storyboard; name = Base; path = Base.lproj/Main.storyboard; sourceTree = "<group>"; };
		7DBD33ED1AA4077C000F3423 /* Images.xcassets */ = {isa = PBXFileReference; lastKnownFileType = folder.assetcatalog; path = Images.xcassets; sourceTree = "<group>"; };
		7DBD33F01AA4077C000F3423 /* Base */ = {isa = PBXFileReference; lastKnownFileType = file.xib; name = Base; path = Base.lproj/LaunchScreen.xib; sourceTree = "<group>"; };
		7DBD33F61AA4077C000F3423 /* 汽车展示Tests.xctest */ = {isa = PBXFileReference; explicitFileType = wrapper.cfbundle; includeInIndex = 0; path = "汽车展示Tests.xctest"; sourceTree = BUILT_PRODUCTS_DIR; };
		7DBD33FB1AA4077C000F3423 /* Info.plist */ = {isa = PBXFileReference; lastKnownFileType = text.plist.xml; path = Info.plist; sourceTree = "<group>"; };
		7DBD33FC1AA4077C000F3423 /* ____Tests.m */ = {isa = PBXFileReference; lastKnownFileType = sourcecode.c.objc; path = "____Tests.m"; sourceTree = "<group>"; };
		7DBD34071AA4086B000F3423 /* JHCar.h */ = {isa = PBXFileReference; fileEncoding = 4; lastKnownFileType = sourcecode.c.h; path = JHCar.h; sourceTree = "<group>"; };
		7DBD34081AA408B7000F3423 /* NJGlobal.h */ = {isa = PBXFileReference; fileEncoding = 4; lastKnownFileType = sourcecode.c.h; path = NJGlobal.h; sourceTree = "<group>"; };
		7DBD34091AA40929000F3423 /* JHCar.m */ = {isa = PBXFileReference; fileEncoding = 4; lastKnownFileType = sourcecode.c.objc; path = JHCar.m; sourceTree = "<group>"; };
		7DBD340B1AA40999000F3423 /* JHGroup.h */ = {isa = PBXFileReference; fileEncoding = 4; lastKnownFileType = sourcecode.c.h; path = JHGroup.h; sourceTree = "<group>"; };
		7DBD340C1AA40A53000F3423 /* JHGroup.m */ = {isa = PBXFileReference; fileEncoding = 4; lastKnownFileType = sourcecode.c.objc; path = JHGroup.m; sourceTree = "<group>"; };
		7DBD340E1AA40EB8000F3423 /* cars_total.plist */ = {isa = PBXFileReference; fileEncoding = 4; lastKnownFileType = text.plist.xml; path = cars_total.plist; sourceTree = "<group>"; };
/* End PBXFileReference section */

/* Begin PBXFrameworksBuildPhase section */
		7DBD33DA1AA4077C000F3423 /* Frameworks */ = {
			isa = PBXFrameworksBuildPhase;
			buildActionMask = 2147483647;
			files = (
			);
			runOnlyForDeploymentPostprocessing = 0;
		};
		7DBD33F31AA4077C000F3423 /* Frameworks */ = {
			isa = PBXFrameworksBuildPhase;
			buildActionMask = 2147483647;
			files = (
			);
			runOnlyForDeploymentPostprocessing = 0;
		};
/* End PBXFrameworksBuildPhase section */

/* Begin PBXGroup section */
		7DBD33D41AA4077C000F3423 = {
			isa = PBXGroup;
			children = (
				7DBD33DF1AA4077C000F3423 /* 汽车展示 */,
				7DBD33F91AA4077C000F3423 /* 汽车展示Tests */,
				7DBD33DE1AA4077C000F3423 /* Products */,
			);
			sourceTree = "<group>";
		};
		7DBD33DE1AA4077C000F3423 /* Products */ = {
			isa = PBXGroup;
			children = (
				7DBD33DD1AA4077C000F3423 /* 汽车展示.app */,
				7DBD33F61AA4077C000F3423 /* 汽车展示Tests.xctest */,
			);
			name = Products;
			sourceTree = "<group>";
		};
		7DBD33DF1AA4077C000F3423 /* 汽车展示 */ = {
			isa = PBXGroup;
			children = (
				7DBD33E41AA4077C000F3423 /* AppDelegate.h */,
				7DBD33E51AA4077C000F3423 /* AppDelegate.m */,
				7DBD33E71AA4077C000F3423 /* ViewController.h */,
				7DBD33E81AA4077C000F3423 /* ViewController.m */,
				7DBD33EA1AA4077C000F3423 /* Main.storyboard */,
				7DBD34071AA4086B000F3423 /* JHCar.h */,
				7DBD34091AA40929000F3423 /* JHCar.m */,
				7DBD340B1AA40999000F3423 /* JHGroup.h */,
				7DBD340C1AA40A53000F3423 /* JHGroup.m */,
				7DBD34081AA408B7000F3423 /* NJGlobal.h */,
				7DBD33ED1AA4077C000F3423 /* Images.xcassets */,
				7DBD33EF1AA4077C000F3423 /* LaunchScreen.xib */,
				7DBD33E01AA4077C000F3423 /* Supporting Files */,
			);
			path = "汽车展示";
			sourceTree = "<group>";
		};
		7DBD33E01AA4077C000F3423 /* Supporting Files */ = {
			isa = PBXGroup;
			children = (
				7DBD340E1AA40EB8000F3423 /* cars_total.plist */,
				7DBD33E11AA4077C000F3423 /* Info.plist */,
				7DBD33E21AA4077C000F3423 /* main.m */,
			);
			name = "Supporting Files";
			sourceTree = "<group>";
		};
		7DBD33F91AA4077C000F3423 /* 汽车展示Tests */ = {
			isa = PBXGroup;
			children = (
				7DBD33FC1AA4077C000F3423 /* ____Tests.m */,
				7DBD33FA1AA4077C000F3423 /* Supporting Files */,
			);
			path = "汽车展示Tests";
			sourceTree = "<group>";
		};
		7DBD33FA1AA4077C000F3423 /* Supporting Files */ = {
			isa = PBXGroup;
			children = (
				7DBD33FB1AA4077C000F3423 /* Info.plist */,
			);
			name = "Supporting Files";
			sourceTree = "<group>";
		};
/* End PBXGroup section */

/* Begin PBXNativeTarget section */
		7DBD33DC1AA4077C000F3423 /* 汽车展示 */ = {
			isa = PBXNativeTarget;
			buildConfigurationList = 7DBD34001AA4077C000F3423 /* Build configuration list for PBXNativeTarget "汽车展示" */;
			buildPhases = (
				7DBD33D91AA4077C000F3423 /* Sources */,
				7DBD33DA1AA4077C000F3423 /* Frameworks */,
				7DBD33DB1AA4077C000F3423 /* Resources */,
			);
			buildRules = (
			);
			dependencies = (
			);
			name = "汽车展示";
			productName = "汽车展示";
			productReference = 7DBD33DD1AA4077C000F3423 /* 汽车展示.app */;
			productType = "com.apple.product-type.application";
		};
		7DBD33F51AA4077C000F3423 /* 汽车展示Tests */ = {
			isa = PBXNativeTarget;
			buildConfigurationList = 7DBD34031AA4077C000F3423 /* Build configuration list for PBXNativeTarget "汽车展示Tests" */;
			buildPhases = (
				7DBD33F21AA4077C000F3423 /* Sources */,
				7DBD33F31AA4077C000F3423 /* Frameworks */,
				7DBD33F41AA4077C000F3423 /* Resources */,
			);
			buildRules = (
			);
			dependencies = (
				7DBD33F81AA4077C000F3423 /* PBXTargetDependency */,
			);
			name = "汽车展示Tests";
			productName = "汽车展示Tests";
			productReference = 7DBD33F61AA4077C000F3423 /* 汽车展示Tests.xctest */;
			productType = "com.apple.product-type.bundle.unit-test";
		};
/* End PBXNativeTarget section */

/* Begin PBXProject section */
		7DBD33D51AA4077C000F3423 /* Project object */ = {
			isa = PBXProject;
			attributes = {
				LastUpgradeCheck = 0610;
				ORGANIZATIONNAME = jinheng;
				TargetAttributes = {
					7DBD33DC1AA4077C000F3423 = {
						CreatedOnToolsVersion = 6.1.1;
					};
					7DBD33F51AA4077C000F3423 = {
						CreatedOnToolsVersion = 6.1.1;
						TestTargetID = 7DBD33DC1AA4077C000F3423;
					};
				};
			};
			buildConfigurationList = 7DBD33D81AA4077C000F3423 /* Build configuration list for PBXProject "汽车展示" */;
			compatibilityVersion = "Xcode 3.2";
			developmentRegion = English;
			hasScannedForEncodings = 0;
			knownRegions = (
				en,
				Base,
			);
			mainGroup = 7DBD33D41AA4077C000F3423;
			productRefGroup = 7DBD33DE1AA4077C000F3423 /* Products */;
			projectDirPath = "";
			projectRoot = "";
			targets = (
				7DBD33DC1AA4077C000F3423 /* 汽车展示 */,
				7DBD33F51AA4077C000F3423 /* 汽车展示Tests */,
			);
		};
/* End PBXProject section */

/* Begin PBXResourcesBuildPhase section */
		7DBD33DB1AA4077C000F3423 /* Resources */ = {
			isa = PBXResourcesBuildPhase;
			buildActionMask = 2147483647;
			files = (
				7DBD33EC1AA4077C000F3423 /* Main.storyboard in Resources */,
				7DBD33F11AA4077C000F3423 /* LaunchScreen.xib in Resources */,
				7DBD340F1AA40EB8000F3423 /* cars_total.plist in Resources */,
				7DBD33EE1AA4077C000F3423 /* Images.xcassets in Resources */,
			);
			runOnlyForDeploymentPostprocessing = 0;
		};
		7DBD33F41AA4077C000F3423 /* Resources */ = {
			isa = PBXResourcesBuildPhase;
			buildActionMask = 2147483647;
			files = (
			);
			runOnlyForDeploymentPostprocessing = 0;
		};
/* End PBXResourcesBuildPhase section */

/* Begin PBXSourcesBuildPhase section */
		7DBD33D91AA4077C000F3423 /* Sources */ = {
			isa = PBXSourcesBuildPhase;
			buildActionMask = 2147483647;
			files = (
				7DBD33E91AA4077C000F3423 /* ViewController.m in Sources */,
				7DBD33E61AA4077C000F3423 /* AppDelegate.m in Sources */,
				7DBD340D1AA40A53000F3423 /* JHGroup.m in Sources */,
				7DBD340A1AA40929000F3423 /* JHCar.m in Sources */,
				7DBD33E31AA4077C000F3423 /* main.m in Sources */,
			);
			runOnlyForDeploymentPostprocessing = 0;
		};
		7DBD33F21AA4077C000F3423 /* Sources */ = {
			isa = PBXSourcesBuildPhase;
			buildActionMask = 2147483647;
			files = (
				7DBD33FD1AA4077C000F3423 /* ____Tests.m in Sources */,
			);
			runOnlyForDeploymentPostprocessing = 0;
		};
/* End PBXSourcesBuildPhase section */

/* Begin PBXTargetDependency section */
		7DBD33F81AA4077C000F3423 /* PBXTargetDependency */ = {
			isa = PBXTargetDependency;
			target = 7DBD33DC1AA4077C000F3423 /* 汽车展示 */;
			targetProxy = 7DBD33F71AA4077C000F3423 /* PBXContainerItemProxy */;
		};
/* End PBXTargetDependency section */

/* Begin PBXVariantGroup section */
		7DBD33EA1AA4077C000F3423 /* Main.storyboard */ = {
			isa = PBXVariantGroup;
			children = (
				7DBD33EB1AA4077C000F3423 /* Base */,
			);
			name = Main.storyboard;
			sourceTree = "<group>";
		};
		7DBD33EF1AA4077C000F3423 /* LaunchScreen.xib */ = {
			isa = PBXVariantGroup;
			children = (
				7DBD33F01AA4077C000F3423 /* Base */,
			);
			name = LaunchScreen.xib;
			sourceTree = "<group>";
		};
/* End PBXVariantGroup section */

/* Begin XCBuildConfiguration section */
		7DBD33FE1AA4077C000F3423 /* Debug */ = {
			isa = XCBuildConfiguration;
			buildSettings = {
				ALWAYS_SEARCH_USER_PATHS = NO;
				CLANG_CXX_LANGUAGE_STANDARD = "gnu++0x";
				CLANG_CXX_LIBRARY = "libc++";
				CLANG_ENABLE_MODULES = YES;
				CLANG_ENABLE_OBJC_ARC = YES;
				CLANG_WARN_BOOL_CONVERSION = YES;
				CLANG_WARN_CONSTANT_CONVERSION = YES;
				CLANG_WARN_DIRECT_OBJC_ISA_USAGE = YES_ERROR;
				CLANG_WARN_EMPTY_BODY = YES;
				CLANG_WARN_ENUM_CONVERSION = YES;
				CLANG_WARN_INT_CONVERSION = YES;
				CLANG_WARN_OBJC_ROOT_CLASS = YES_ERROR;
				CLANG_WARN_UNREACHABLE_CODE = YES;
				CLANG_WARN__DUPLICATE_METHOD_MATCH = YES;
				"CODE_SIGN_IDENTITY[sdk=iphoneos*]" = "iPhone Developer";
				COPY_PHASE_STRIP = NO;
				ENABLE_STRICT_OBJC_MSGSEND = YES;
				GCC_C_LANGUAGE_STANDARD = gnu99;
				GCC_DYNAMIC_NO_PIC = NO;
				GCC_OPTIMIZATION_LEVEL = 0;
				GCC_PREPROCESSOR_DEFINITIONS = (
					"DEBUG=1",
					"$(inherited)",
				);
				GCC_SYMBOLS_PRIVATE_EXTERN = NO;
				GCC_WARN_64_TO_32_BIT_CONVERSION = YES;
				GCC_WARN_ABOUT_RETURN_TYPE = YES_ERROR;
				GCC_WARN_UNDECLARED_SELECTOR = YES;
				GCC_WARN_UNINITIALIZED_AUTOS = YES_AGGRESSIVE;
				GCC_WARN_UNUSED_FUNCTION = YES;
				GCC_WARN_UNUSED_VARIABLE = YES;
				IPHONEOS_DEPLOYMENT_TARGET = 8.1;
				MTL_ENABLE_DEBUG_INFO = YES;
				ONLY_ACTIVE_ARCH = YES;
				SDKROOT = iphoneos;
			};
			name = Debug;
		};
		7DBD33FF1AA4077C000F3423 /* Release */ = {
			isa = XCBuildConfiguration;
			buildSettings = {
				ALWAYS_SEARCH_USER_PATHS = NO;
				CLANG_CXX_LANGUAGE_STANDARD = "gnu++0x";
				CLANG_CXX_LIBRARY = "libc++";
				CLANG_ENABLE_MODULES = YES;
				CLANG_ENABLE_OBJC_ARC = YES;
				CLANG_WARN_BOOL_CONVERSION = YES;
				CLANG_WARN_CONSTANT_CONVERSION = YES;
				CLANG_WARN_DIRECT_OBJC_ISA_USAGE = YES_ERROR;
				CLANG_WARN_EMPTY_BODY = YES;
				CLANG_WARN_ENUM_CONVERSION = YES;
				CLANG_WARN_INT_CONVERSION = YES;
				CLANG_WARN_OBJC_ROOT_CLASS = YES_ERROR;
				CLANG_WARN_UNREACHABLE_CODE = YES;
				CLANG_WARN__DUPLICATE_METHOD_MATCH = YES;
				"CODE_SIGN_IDENTITY[sdk=iphoneos*]" = "iPhone Developer";
				COPY_PHASE_STRIP = YES;
				ENABLE_NS_ASSERTIONS = NO;
				ENABLE_STRICT_OBJC_MSGSEND = YES;
				GCC_C_LANGUAGE_STANDARD = gnu99;
				GCC_WARN_64_TO_32_BIT_CONVERSION = YES;
				GCC_WARN_ABOUT_RETURN_TYPE = YES_ERROR;
				GCC_WARN_UNDECLARED_SELECTOR = YES;
				GCC_WARN_UNINITIALIZED_AUTOS = YES_AGGRESSIVE;
				GCC_WARN_UNUSED_FUNCTION = YES;
				GCC_WARN_UNUSED_VARIABLE = YES;
				IPHONEOS_DEPLOYMENT_TARGET = 8.1;
				MTL_ENABLE_DEBUG_INFO = NO;
				SDKROOT = iphoneos;
				VALIDATE_PRODUCT = YES;
			};
			name = Release;
		};
		7DBD34011AA4077C000F3423 /* Debug */ = {
			isa = XCBuildConfiguration;
			buildSettings = {
				ASSETCATALOG_COMPILER_APPICON_NAME = AppIcon;
				INFOPLIST_FILE = "汽车展示/Info.plist";
				LD_RUNPATH_SEARCH_PATHS = "$(inherited) @executable_path/Frameworks";
				PRODUCT_NAME = "$(TARGET_NAME)";
			};
			name = Debug;
		};
		7DBD34021AA4077C000F3423 /* Release */ = {
			isa = XCBuildConfiguration;
			buildSettings = {
				ASSETCATALOG_COMPILER_APPICON_NAME = AppIcon;
				INFOPLIST_FILE = "汽车展示/Info.plist";
				LD_RUNPATH_SEARCH_PATHS = "$(inherited) @executable_path/Frameworks";
				PRODUCT_NAME = "$(TARGET_NAME)";
			};
			name = Release;
		};
		7DBD34041AA4077C000F3423 /* Debug */ = {
			isa = XCBuildConfiguration;
			buildSettings = {
				BUNDLE_LOADER = "$(TEST_HOST)";
				FRAMEWORK_SEARCH_PATHS = (
					"$(SDKROOT)/Developer/Library/Frameworks",
					"$(inherited)",
				);
				GCC_PREPROCESSOR_DEFINITIONS = (
					"DEBUG=1",
					"$(inherited)",
				);
				INFOPLIST_FILE = "汽车展示Tests/Info.plist";
				LD_RUNPATH_SEARCH_PATHS = "$(inherited) @executable_path/Frameworks @loader_path/Frameworks";
				PRODUCT_NAME = "$(TARGET_NAME)";
				TEST_HOST = "$(BUILT_PRODUCTS_DIR)/汽车展示.app/汽车展示";
			};
			name = Debug;
		};
		7DBD34051AA4077C000F3423 /* Release */ = {
			isa = XCBuildConfiguration;
			buildSettings = {
				BUNDLE_LOADER = "$(TEST_HOST)";
				FRAMEWORK_SEARCH_PATHS = (
					"$(SDKROOT)/Developer/Library/Frameworks",
					"$(inherited)",
				);
				INFOPLIST_FILE = "汽车展示Tests/Info.plist";
				LD_RUNPATH_SEARCH_PATHS = "$(inherited) @executable_path/Frameworks @loader_path/Frameworks";
				PRODUCT_NAME = "$(TARGET_NAME)";
				TEST_HOST = "$(BUILT_PRODUCTS_DIR)/汽车展示.app/汽车展示";
			};
			name = Release;
		};
/* End XCBuildConfiguration section */

/* Begin XCConfigurationList section */
		7DBD33D81AA4077C000F3423 /* Build configuration list for PBXProject "汽车展示" */ = {
			isa = XCConfigurationList;
			buildConfigurations = (
				7DBD33FE1AA4077C000F3423 /* Debug */,
				7DBD33FF1AA4077C000F3423 /* Release */,
			);
			defaultConfigurationIsVisible = 0;
			defaultConfigurationName = Release;
		};
		7DBD34001AA4077C000F3423 /* Build configuration list for PBXNativeTarget "汽车展示" */ = {
			isa = XCConfigurationList;
			buildConfigurations = (
				7DBD34011AA4077C000F3423 /* Debug */,
				7DBD34021AA4077C000F3423 /* Release */,
			);
			defaultConfigurationIsVisible = 0;
		};
		7DBD34031AA4077C000F3423 /* Build configuration list for PBXNativeTarget "汽车展示Tests" */ = {
			isa = XCConfigurationList;
			buildConfigurations = (
				7DBD34041AA4077C000F3423 /* Debug */,
				7DBD34051AA4077C000F3423 /* Release */,
			);
			defaultConfigurationIsVisible = 0;
		};
/* End XCConfigurationList section */
	};
	rootObject = 7DBD33D51AA4077C000F3423 /* Project object */;
}
